
Microsoft Visual Studio Solution File, Format Version 11.00
# Visual Studio 2010
Project("{FAE04EC0-301F-11D3-BF4B-00C04F79EFBC}") = "Assembly-CSharp", "Assembly-CSharp.csproj", "{EE72B06B-0987-E999-D18A-A6F7E2A6FF56}"
EndProject
Project("{FAE04EC0-301F-11D3-BF4B-00C04F79EFBC}") = "Assembly-CSharp-Editor", "Assembly-CSharp-Editor.csproj", "{63A690EA-AA38-9605-B483-8873B09DD076}"
EndProject
Global
	GlobalSection(SolutionConfigurationPlatforms) = preSolution
		Debug|Any CPU = Debug|Any CPU
		Release|Any CPU = Release|Any CPU
	EndGlobalSection
	GlobalSection(ProjectConfigurationPlatforms) = postSolution
		{EE72B06B-0987-E999-D18A-A6F7E2A6FF56}.Debug|Any CPU.ActiveCfg = Debug|Any CPU
		{EE72B06B-0987-E999-D18A-A6F7E2A6FF56}.Debug|Any CPU.Build.0 = Debug|Any CPU
		{EE72B06B-0987-E999-D18A-A6F7E2A6FF56}.Release|Any CPU.ActiveCfg = Release|Any CPU
		{EE72B06B-0987-E999-D18A-A6F7E2A6FF56}.Release|Any CPU.Build.0 = Release|Any CPU
		{63A690EA-AA38-9605-B483-8873B09DD076}.Debug|Any CPU.ActiveCfg = Debug|Any CPU
		{63A690EA-AA38-9605-B483-8873B09DD076}.Debug|Any CPU.Build.0 = Debug|Any CPU
		{63A690EA-AA38-9605-B483-8873B09DD076}.Release|Any CPU.ActiveCfg = Release|Any CPU
		{63A690EA-AA38-9605-B483-8873B09DD076}.Release|Any CPU.Build.0 = Release|Any CPU
	EndGlobalSection
	GlobalSection(SolutionProperties) = preSolution
		HideSolutionNode = FALSE
	EndGlobalSection
EndGlobal
